# This file is generated by running "yarn install" inside your project.
# Manual changes might be lost - proceed with caution!

__metadata:
  version: 8
  cacheKey: 10

"@esbuild/aix-ppc64@npm:0.24.2":
  version: 0.24.2
  resolution: "@esbuild/aix-ppc64@npm:0.24.2"
  conditions: os=aix & cpu=ppc64
  languageName: node
  linkType: hard

"@esbuild/android-arm64@npm:0.24.2":
  version: 0.24.2
  resolution: "@esbuild/android-arm64@npm:0.24.2"
  conditions: os=android & cpu=arm64
  languageName: node
  linkType: hard

"@esbuild/android-arm@npm:0.24.2":
  version: 0.24.2
  resolution: "@esbuild/android-arm@npm:0.24.2"
  conditions: os=android & cpu=arm
  languageName: node
  linkType: hard

"@esbuild/android-x64@npm:0.24.2":
  version: 0.24.2
  resolution: "@esbuild/android-x64@npm:0.24.2"
  conditions: os=android & cpu=x64
  languageName: node
  linkType: hard

"@esbuild/darwin-arm64@npm:0.24.2":
  version: 0.24.2
  resolution: "@esbuild/darwin-arm64@npm:0.24.2"
  conditions: os=darwin & cpu=arm64
  languageName: node
  linkType: hard

"@esbuild/darwin-x64@npm:0.24.2":
  version: 0.24.2
  resolution: "@esbuild/darwin-x64@npm:0.24.2"
  conditions: os=darwin & cpu=x64
  languageName: node
  linkType: hard

"@esbuild/freebsd-arm64@npm:0.24.2":
  version: 0.24.2
  resolution: "@esbuild/freebsd-arm64@npm:0.24.2"
  conditions: os=freebsd & cpu=arm64
  languageName: node
  linkType: hard

"@esbuild/freebsd-x64@npm:0.24.2":
  version: 0.24.2
  resolution: "@esbuild/freebsd-x64@npm:0.24.2"
  conditions: os=freebsd & cpu=x64
  languageName: node
  linkType: hard

"@esbuild/linux-arm64@npm:0.24.2":
  version: 0.24.2
  resolution: "@esbuild/linux-arm64@npm:0.24.2"
  conditions: os=linux & cpu=arm64
  languageName: node
  linkType: hard

"@esbuild/linux-arm@npm:0.24.2":
  version: 0.24.2
  resolution: "@esbuild/linux-arm@npm:0.24.2"
  conditions: os=linux & cpu=arm
  languageName: node
  linkType: hard

"@esbuild/linux-ia32@npm:0.24.2":
  version: 0.24.2
  resolution: "@esbuild/linux-ia32@npm:0.24.2"
  conditions: os=linux & cpu=ia32
  languageName: node
  linkType: hard

"@esbuild/linux-loong64@npm:0.24.2":
  version: 0.24.2
  resolution: "@esbuild/linux-loong64@npm:0.24.2"
  conditions: os=linux & cpu=loong64
  languageName: node
  linkType: hard

"@esbuild/linux-mips64el@npm:0.24.2":
  version: 0.24.2
  resolution: "@esbuild/linux-mips64el@npm:0.24.2"
  conditions: os=linux & cpu=mips64el
  languageName: node
  linkType: hard

"@esbuild/linux-ppc64@npm:0.24.2":
  version: 0.24.2
  resolution: "@esbuild/linux-ppc64@npm:0.24.2"
  conditions: os=linux & cpu=ppc64
  languageName: node
  linkType: hard

"@esbuild/linux-riscv64@npm:0.24.2":
  version: 0.24.2
  resolution: "@esbuild/linux-riscv64@npm:0.24.2"
  conditions: os=linux & cpu=riscv64
  languageName: node
  linkType: hard

"@esbuild/linux-s390x@npm:0.24.2":
  version: 0.24.2
  resolution: "@esbuild/linux-s390x@npm:0.24.2"
  conditions: os=linux & cpu=s390x
  languageName: node
  linkType: hard

"@esbuild/linux-x64@npm:0.24.2":
  version: 0.24.2
  resolution: "@esbuild/linux-x64@npm:0.24.2"
  conditions: os=linux & cpu=x64
  languageName: node
  linkType: hard

"@esbuild/netbsd-arm64@npm:0.24.2":
  version: 0.24.2
  resolution: "@esbuild/netbsd-arm64@npm:0.24.2"
  conditions: os=netbsd & cpu=arm64
  languageName: node
  linkType: hard

"@esbuild/netbsd-x64@npm:0.24.2":
  version: 0.24.2
  resolution: "@esbuild/netbsd-x64@npm:0.24.2"
  conditions: os=netbsd & cpu=x64
  languageName: node
  linkType: hard

"@esbuild/openbsd-arm64@npm:0.24.2":
  version: 0.24.2
  resolution: "@esbuild/openbsd-arm64@npm:0.24.2"
  conditions: os=openbsd & cpu=arm64
  languageName: node
  linkType: hard

"@esbuild/openbsd-x64@npm:0.24.2":
  version: 0.24.2
  resolution: "@esbuild/openbsd-x64@npm:0.24.2"
  conditions: os=openbsd & cpu=x64
  languageName: node
  linkType: hard

"@esbuild/sunos-x64@npm:0.24.2":
  version: 0.24.2
  resolution: "@esbuild/sunos-x64@npm:0.24.2"
  conditions: os=sunos & cpu=x64
  languageName: node
  linkType: hard

"@esbuild/win32-arm64@npm:0.24.2":
  version: 0.24.2
  resolution: "@esbuild/win32-arm64@npm:0.24.2"
  conditions: os=win32 & cpu=arm64
  languageName: node
  linkType: hard

"@esbuild/win32-ia32@npm:0.24.2":
  version: 0.24.2
  resolution: "@esbuild/win32-ia32@npm:0.24.2"
  conditions: os=win32 & cpu=ia32
  languageName: node
  linkType: hard

"@esbuild/win32-x64@npm:0.24.2":
  version: 0.24.2
  resolution: "@esbuild/win32-x64@npm:0.24.2"
  conditions: os=win32 & cpu=x64
  languageName: node
  linkType: hard

"@github/copilot-darwin-arm64@npm:1.0.32":
  version: 1.0.32
  resolution: "@github/copilot-darwin-arm64@npm:1.0.32"
  bin:
    copilot-darwin-arm64: copilot
  conditions: os=darwin & cpu=arm64
  languageName: node
  linkType: hard

"@github/copilot-darwin-x64@npm:1.0.32":
  version: 1.0.32
  resolution: "@github/copilot-darwin-x64@npm:1.0.32"
  bin:
    copilot-darwin-x64: copilot
  conditions: os=darwin & cpu=x64
  languageName: node
  linkType: hard

"@github/copilot-linux-arm64@npm:1.0.32":
  version: 1.0.32
  resolution: "@github/copilot-linux-arm64@npm:1.0.32"
  bin:
    copilot-linux-arm64: copilot
  conditions: os=linux & cpu=arm64
  languageName: node
  linkType: hard

"@github/copilot-linux-x64@npm:1.0.32":
  version: 1.0.32
  resolution: "@github/copilot-linux-x64@npm:1.0.32"
  bin:
    copilot-linux-x64: copilot
  conditions: os=linux & cpu=x64
  languageName: node
  linkType: hard

"@github/copilot-sdk@npm:^0.1.0":
  version: 0.1.32
  resolution: "@github/copilot-sdk@npm:0.1.32"
  dependencies:
    "@github/copilot": "npm:^1.0.2"
    vscode-jsonrpc: "npm:^8.2.1"
    zod: "npm:^4.3.6"
  checksum: 10/5936c0f08d6d910d92f9245d78bd2db6e08f955569a05f6bcbe86e3b36be47a7de0b39a3be8a2b837912dc22b81bdb1bb73597fed6c2ea0315e244f01f2d1aa1
  languageName: node
  linkType: hard

"@github/copilot-win32-arm64@npm:1.0.32":
  version: 1.0.32
  resolution: "@github/copilot-win32-arm64@npm:1.0.32"
  bin:
    copilot-win32-arm64: copilot.exe
  conditions: os=win32 & cpu=arm64
  languageName: node
  linkType: hard

"@github/copilot-win32-x64@npm:1.0.32":
  version: 1.0.32
  resolution: "@github/copilot-win32-x64@npm:1.0.32"
  bin:
    copilot-win32-x64: copilot.exe
  conditions: os=win32 & cpu=x64
  languageName: node
  linkType: hard

"@github/copilot@npm:^1.0.2":
  version: 1.0.32
  resolution: "@github/copilot@npm:1.0.32"
  dependencies:
    "@github/copilot-darwin-arm64": "npm:1.0.32"
    "@github/copilot-darwin-x64": "npm:1.0.32"
    "@github/copilot-linux-arm64": "npm:1.0.32"
    "@github/copilot-linux-x64": "npm:1.0.32"
    "@github/copilot-win32-arm64": "npm:1.0.32"
    "@github/copilot-win32-x64": "npm:1.0.32"
  dependenciesMeta:
    "@github/copilot-darwin-arm64":
      optional: true
    "@github/copilot-darwin-x64":
      optional: true
    "@github/copilot-linux-arm64":
      optional: true
    "@github/copilot-linux-x64":
      optional: true
    "@github/copilot-win32-arm64":
      optional: true
    "@github/copilot-win32-x64":
      optional: true
  bin:
    copilot: npm-loader.js
  checksum: 10/6f221188bceb5ec7a8d88c79047797eeac7fa92424d21f0bd40da8038cde1f22196590e5cd505ddf6ef22e7adfe690658c0d76c61b35d1750c285eca7f2c50da
  languageName: node
  linkType: hard

"@talkdesk/code-panel-review-toolkit@workspace:.":
  version: 0.0.0-use.local
  resolution: "@talkdesk/code-panel-review-toolkit@workspace:."
  dependencies:
    "@github/copilot-sdk": "npm:^0.1.0"
    "@types/node": "npm:^20.14.0"
    esbuild: "npm:^0.24.0"
    typescript: "npm:^5.6.0"
    yaml: "npm:^2.5.0"
    zod: "npm:^3.23.0"
  bin:
    code-panel-review: dist/index.js
  languageName: unknown
  linkType: soft

"@types/node@npm:^20.14.0":
  version: 20.19.39
  resolution: "@types/node@npm:20.19.39"
  dependencies:
    undici-types: "npm:~6.21.0"
  checksum: 10/15087cb55440fe401d2363d1719fd7123a0aa1152c1b4aeab8c256cee1eaebfba6f54266bf3d181faafda724e3625c91d87109d983cffb3ca8fc12f9f82effcb
  languageName: node
  linkType: hard

"esbuild@npm:^0.24.0":
  version: 0.24.2
  resolution: "esbuild@npm:0.24.2"
  dependencies:
    "@esbuild/aix-ppc64": "npm:0.24.2"
    "@esbuild/android-arm": "npm:0.24.2"
    "@esbuild/android-arm64": "npm:0.24.2"
    "@esbuild/android-x64": "npm:0.24.2"
    "@esbuild/darwin-arm64": "npm:0.24.2"
    "@esbuild/darwin-x64": "npm:0.24.2"
    "@esbuild/freebsd-arm64": "npm:0.24.2"
    "@esbuild/freebsd-x64": "npm:0.24.2"
    "@esbuild/linux-arm": "npm:0.24.2"
    "@esbuild/linux-arm64": "npm:0.24.2"
    "@esbuild/linux-ia32": "npm:0.24.2"
    "@esbuild/linux-loong64": "npm:0.24.2"
    "@esbuild/linux-mips64el": "npm:0.24.2"
    "@esbuild/linux-ppc64": "npm:0.24.2"
    "@esbuild/linux-riscv64": "npm:0.24.2"
    "@esbuild/linux-s390x": "npm:0.24.2"
    "@esbuild/linux-x64": "npm:0.24.2"
    "@esbuild/netbsd-arm64": "npm:0.24.2"
    "@esbuild/netbsd-x64": "npm:0.24.2"
    "@esbuild/openbsd-arm64": "npm:0.24.2"
    "@esbuild/openbsd-x64": "npm:0.24.2"
    "@esbuild/sunos-x64": "npm:0.24.2"
    "@esbuild/win32-arm64": "npm:0.24.2"
    "@esbuild/win32-ia32": "npm:0.24.2"
    "@esbuild/win32-x64": "npm:0.24.2"
  dependenciesMeta:
    "@esbuild/aix-ppc64":
      optional: true
    "@esbuild/android-arm":
      optional: true
    "@esbuild/android-arm64":
      optional: true
    "@esbuild/android-x64":
      optional: true
    "@esbuild/darwin-arm64":
      optional: true
    "@esbuild/darwin-x64":
      optional: true
    "@esbuild/freebsd-arm64":
      optional: true
    "@esbuild/freebsd-x64":
      optional: true
    "@esbuild/linux-arm":
      optional: true
    "@esbuild/linux-arm64":
      optional: true
    "@esbuild/linux-ia32":
      optional: true
    "@esbuild/linux-loong64":
      optional: true
    "@esbuild/linux-mips64el":
      optional: true
    "@esbuild/linux-ppc64":
      optional: true
    "@esbuild/linux-riscv64":
      optional: true
    "@esbuild/linux-s390x":
      optional: true
    "@esbuild/linux-x64":
      optional: true
    "@esbuild/netbsd-arm64":
      optional: true
    "@esbuild/netbsd-x64":
      optional: true
    "@esbuild/openbsd-arm64":
      optional: true
    "@esbuild/openbsd-x64":
      optional: true
    "@esbuild/sunos-x64":
      optional: true
    "@esbuild/win32-arm64":
      optional: true
    "@esbuild/win32-ia32":
      optional: true
    "@esbuild/win32-x64":
      optional: true
  bin:
    esbuild: bin/esbuild
  checksum: 10/95425071c9f24ff88bf61e0710b636ec0eb24ddf8bd1f7e1edef3044e1221104bbfa7bbb31c18018c8c36fa7902c5c0b843f829b981ebc89160cf5eebdaa58f4
  languageName: node
  linkType: hard

"typescript@npm:^5.6.0":
  version: 5.9.3
  resolution: "typescript@npm:5.9.3"
  bin:
    tsc: bin/tsc
    tsserver: bin/tsserver
  checksum: 10/c089d9d3da2729fd4ac517f9b0e0485914c4b3c26f80dc0cffcb5de1719a17951e92425d55db59515c1a7ddab65808466debb864d0d56dcf43f27007d0709594
  languageName: node
  linkType: hard

"typescript@patch:typescript@npm%3A^5.6.0#optional!builtin<compat/typescript>":
  version: 5.9.3
  resolution: "typescript@patch:typescript@npm%3A5.9.3#optional!builtin<compat/typescript>::version=5.9.3&hash=8c6c40"
  bin:
    tsc: bin/tsc
    tsserver: bin/tsserver
  checksum: 10/5d416ad4f2ea564f515a3f919e901edbfa4b497cc17dd325c5726046c3eef7ed22d1f59c787267d478311f6f0a265ff790f8a6c7e9df3ea3471458f5ec81e8b7
  languageName: node
  linkType: hard

"undici-types@npm:~6.21.0":
  version: 6.21.0
  resolution: "undici-types@npm:6.21.0"
  checksum: 10/ec8f41aa4359d50f9b59fa61fe3efce3477cc681908c8f84354d8567bb3701fafdddf36ef6bff307024d3feb42c837cf6f670314ba37fc8145e219560e473d14
  languageName: node
  linkType: hard

"vscode-jsonrpc@npm:^8.2.1":
  version: 8.2.1
  resolution: "vscode-jsonrpc@npm:8.2.1"
  checksum: 10/5a30c837abc7a1e45aeca69bc95e9679f43808b56b01830c3b1616d7088782babe8d6ae03276640ff2ba704ddf18305cc68926629bfb0fd8bafff195decb3aad
  languageName: node
  linkType: hard

"yaml@npm:^2.5.0":
  version: 2.8.3
  resolution: "yaml@npm:2.8.3"
  bin:
    yaml: bin.mjs
  checksum: 10/ecad41d39d34fae5cc17ea2d4b7f7f55faacd45cbce8983ba22d48d1ed1a92ed242ea49ea813a79ac39a69f75f9c5a03e7b5395fd954d55476f25e21a47c141d
  languageName: node
  linkType: hard

"zod@npm:^3.23.0":
  version: 3.25.76
  resolution: "zod@npm:3.25.76"
  checksum: 10/f0c963ec40cd96858451d1690404d603d36507c1fc9682f2dae59ab38b578687d542708a7fdbf645f77926f78c9ed558f57c3d3aa226c285f798df0c4da16995
  languageName: node
  linkType: hard

"zod@npm:^4.3.6":
  version: 4.3.6
  resolution: "zod@npm:4.3.6"
  checksum: 10/25fc0f62e01b557b4644bf0b393bbaf47542ab30877c37837ea8caf314a8713d220c7d7fe51f68ffa72f0e1018ddfa34d96f1973d23033f5a2a5a9b6b9d9da01
  languageName: node
  linkType: hard
